{
  "name": "language-wdl-ts",
  "version": "0.0.1",
  "lockfileVersion": 1,
  "requires": true,
  "dependencies": {
    "nan": {
      "version": "2.14.0",
      "resolved": "https://registry.npmjs.org/nan/-/nan-2.14.0.tgz",
      "integrity": "sha512-INOFj37C7k3AfaNTtX8RhsTw7qRy7eLET14cROi9+5HAVbbHuIWUHEauBv5qT4Av2tWasiTY1Jw6puUNqRJXQg=="
    },
    "tree-sitter-wdl": {
      "version": "0.0.2",
      "resolved": "https://registry.npmjs.org/tree-sitter-wdl/-/tree-sitter-wdl-0.0.2.tgz",
      "integrity": "sha512-p5K1GRamqpEj5M8QfeNCtOEQvOzJG9I4QUSRfVEToo8tzA5m1U23x0tDFzoF+Ihph7WcCPIxLqjwdnuSfo6xDQ==",
      "requires": {
        "nan": "^2.14.0"
      }
    }
  }
}
